PODS:
  - Alamofire (4.8.0)
  - Kingfisher (5.0.1)
  - RxAtomic (4.4.0)
  - RxCocoa (4.4.0):
    - RxSwift (~> 4.0)
  - RxSwift (4.4.0):
    - RxAtomic (~> 4.4)

DEPENDENCIES:
  - Alamofire
  - Kingfisher
  - RxCocoa (~> 4.4)
  - RxSwift (~> 4.4)

SPEC REPOS:
  https://github.com/cocoapods/specs.git:
    - Alamofire
    - Kingfisher
    - RxAtomic
    - RxCocoa
    - RxSwift

SPEC CHECKSUMS:
  Alamofire: 3ec537f71edc9804815215393ae2b1a8ea33a844
  Kingfisher: 4f771421b9208185217550528a06fd48756cb7c2
  RxAtomic: eacf60db868c96bfd63320e28619fe29c179656f
  RxCocoa: df63ebf7b9a70d6b4eeea407ed5dd4efc8979749
  RxSwift: 5976ecd04fc2fefd648827c23de5e11157faa973

PODFILE CHECKSUM: aa1f269be6366226cc2194f833b61d28dac22a64

COCOAPODS: 1.5.3
